
Microsoft Visual Studio Solution File, Format Version 12.00
# Visual Studio Version 17
VisualStudioVersion = 17.0.31903.59
MinimumVisualStudioVersion = 10.0.40219.1
Project("{2150E333-8FDC-42A3-9474-1A3956D46DE8}") = "src", "src", "{827E0CD3-B72D-47B6-A68D-7590B98EB39B}"
EndProject
Project("{FAE04EC0-301F-11D3-BF4B-00C04F79EFBC}") = "SmartQB.Core", "src\SmartQB.Core\SmartQB.Core.csproj", "{A227932C-5BB4-4901-9CD9-751D6DA3A02A}"
EndProject
Project("{FAE04EC0-301F-11D3-BF4B-00C04F79EFBC}") = "SmartQB.Infrastructure", "src\SmartQB.Infrastructure\SmartQB.Infrastructure.csproj", "{1224A16C-1235-49DC-82A3-933A873549FE}"
EndProject
Project("{FAE04EC0-301F-11D3-BF4B-00C04F79EFBC}") = "SmartQB.UI", "src\SmartQB.UI\SmartQB.UI.csproj", "{65F75030-2CE9-4771-A6FF-733E46808E2E}"
EndProject
Project("{FAE04EC0-301F-11D3-BF4B-00C04F79EFBC}") = "SmartQB.Infrastructure.Tests", "src\SmartQB.Infrastructure.Tests\SmartQB.Infrastructure.Tests.csproj", "{A0F4E7BD-CA0E-484F-A6CD-91E1F213B150}"
EndProject
Project("{FAE04EC0-301F-11D3-BF4B-00C04F79EFBC}") = "SmartQB.UI.Tests", "src\SmartQB.UI.Tests\SmartQB.UI.Tests.csproj", "{47554335-5C10-4E77-ADA3-2804800AA47C}"
EndProject
Global
	GlobalSection(SolutionConfigurationPlatforms) = preSolution
		Debug|Any CPU = Debug|Any CPU
		Debug|x64 = Debug|x64
		Debug|x86 = Debug|x86
		Release|Any CPU = Release|Any CPU
		Release|x64 = Release|x64
		Release|x86 = Release|x86
	EndGlobalSection
	GlobalSection(ProjectConfigurationPlatforms) = postSolution
		{A227932C-5BB4-4901-9CD9-751D6DA3A02A}.Debug|Any CPU.ActiveCfg = Debug|Any CPU
		{A227932C-5BB4-4901-9CD9-751D6DA3A02A}.Debug|Any CPU.Build.0 = Debug|Any CPU
		{A227932C-5BB4-4901-9CD9-751D6DA3A02A}.Debug|x64.ActiveCfg = Debug|Any CPU
		{A227932C-5BB4-4901-9CD9-751D6DA3A02A}.Debug|x64.Build.0 = Debug|Any CPU
		{A227932C-5BB4-4901-9CD9-751D6DA3A02A}.Debug|x86.ActiveCfg = Debug|Any CPU
		{A227932C-5BB4-4901-9CD9-751D6DA3A02A}.Debug|x86.Build.0 = Debug|Any CPU
		{A227932C-5BB4-4901-9CD9-751D6DA3A02A}.Release|Any CPU.ActiveCfg = Release|Any CPU
		{A227932C-5BB4-4901-9CD9-751D6DA3A02A}.Release|Any CPU.Build.0 = Release|Any CPU
		{A227932C-5BB4-4901-9CD9-751D6DA3A02A}.Release|x64.ActiveCfg = Release|Any CPU
		{A227932C-5BB4-4901-9CD9-751D6DA3A02A}.Release|x64.Build.0 = Release|Any CPU
		{A227932C-5BB4-4901-9CD9-751D6DA3A02A}.Release|x86.ActiveCfg = Release|Any CPU
		{A227932C-5BB4-4901-9CD9-751D6DA3A02A}.Release|x86.Build.0 = Release|Any CPU
		{1224A16C-1235-49DC-82A3-933A873549FE}.Debug|Any CPU.ActiveCfg = Debug|Any CPU
		{1224A16C-1235-49DC-82A3-933A873549FE}.Debug|Any CPU.Build.0 = Debug|Any CPU
		{1224A16C-1235-49DC-82A3-933A873549FE}.Debug|x64.ActiveCfg = Debug|Any CPU
		{1224A16C-1235-49DC-82A3-933A873549FE}.Debug|x64.Build.0 = Debug|Any CPU
		{1224A16C-1235-49DC-82A3-933A873549FE}.Debug|x86.ActiveCfg = Debug|Any CPU
		{1224A16C-1235-49DC-82A3-933A873549FE}.Debug|x86.Build.0 = Debug|Any CPU
		{1224A16C-1235-49DC-82A3-933A873549FE}.Release|Any CPU.ActiveCfg = Release|Any CPU
		{1224A16C-1235-49DC-82A3-933A873549FE}.Release|Any CPU.Build.0 = Release|Any CPU
		{1224A16C-1235-49DC-82A3-933A873549FE}.Release|x64.ActiveCfg = Release|Any CPU
		{1224A16C-1235-49DC-82A3-933A873549FE}.Release|x64.Build.0 = Release|Any CPU
		{1224A16C-1235-49DC-82A3-933A873549FE}.Release|x86.ActiveCfg = Release|Any CPU
		{1224A16C-1235-49DC-82A3-933A873549FE}.Release|x86.Build.0 = Release|Any CPU
		{65F75030-2CE9-4771-A6FF-733E46808E2E}.Debug|Any CPU.ActiveCfg = Debug|Any CPU
		{65F75030-2CE9-4771-A6FF-733E46808E2E}.Debug|Any CPU.Build.0 = Debug|Any CPU
		{65F75030-2CE9-4771-A6FF-733E46808E2E}.Debug|x64.ActiveCfg = Debug|Any CPU
		{65F75030-2CE9-4771-A6FF-733E46808E2E}.Debug|x64.Build.0 = Debug|Any CPU
		{65F75030-2CE9-4771-A6FF-733E46808E2E}.Debug|x86.ActiveCfg = Debug|Any CPU
		{65F75030-2CE9-4771-A6FF-733E46808E2E}.Debug|x86.Build.0 = Debug|Any CPU
		{65F75030-2CE9-4771-A6FF-733E46808E2E}.Release|Any CPU.ActiveCfg = Release|Any CPU
		{65F75030-2CE9-4771-A6FF-733E46808E2E}.Release|Any CPU.Build.0 = Release|Any CPU
		{65F75030-2CE9-4771-A6FF-733E46808E2E}.Release|x64.ActiveCfg = Release|Any CPU
		{65F75030-2CE9-4771-A6FF-733E46808E2E}.Release|x64.Build.0 = Release|Any CPU
		{65F75030-2CE9-4771-A6FF-733E46808E2E}.Release|x86.ActiveCfg = Release|Any CPU
		{65F75030-2CE9-4771-A6FF-733E46808E2E}.Release|x86.Build.0 = Release|Any CPU
		{A0F4E7BD-CA0E-484F-A6CD-91E1F213B150}.Debug|Any CPU.ActiveCfg = Debug|Any CPU
		{A0F4E7BD-CA0E-484F-A6CD-91E1F213B150}.Debug|Any CPU.Build.0 = Debug|Any CPU
		{A0F4E7BD-CA0E-484F-A6CD-91E1F213B150}.Debug|x64.ActiveCfg = Debug|Any CPU
		{A0F4E7BD-CA0E-484F-A6CD-91E1F213B150}.Debug|x64.Build.0 = Debug|Any CPU
		{A0F4E7BD-CA0E-484F-A6CD-91E1F213B150}.Debug|x86.ActiveCfg = Debug|Any CPU
		{A0F4E7BD-CA0E-484F-A6CD-91E1F213B150}.Debug|x86.Build.0 = Debug|Any CPU
		{A0F4E7BD-CA0E-484F-A6CD-91E1F213B150}.Release|Any CPU.ActiveCfg = Release|Any CPU
		{A0F4E7BD-CA0E-484F-A6CD-91E1F213B150}.Release|Any CPU.Build.0 = Release|Any CPU
		{A0F4E7BD-CA0E-484F-A6CD-91E1F213B150}.Release|x64.ActiveCfg = Release|Any CPU
		{A0F4E7BD-CA0E-484F-A6CD-91E1F213B150}.Release|x64.Build.0 = Release|Any CPU
		{A0F4E7BD-CA0E-484F-A6CD-91E1F213B150}.Release|x86.ActiveCfg = Release|Any CPU
		{A0F4E7BD-CA0E-484F-A6CD-91E1F213B150}.Release|x86.Build.0 = Release|Any CPU
		{47554335-5C10-4E77-ADA3-2804800AA47C}.Debug|Any CPU.ActiveCfg = Debug|Any CPU
		{47554335-5C10-4E77-ADA3-2804800AA47C}.Debug|Any CPU.Build.0 = Debug|Any CPU
		{47554335-5C10-4E77-ADA3-2804800AA47C}.Debug|x64.ActiveCfg = Debug|Any CPU
		{47554335-5C10-4E77-ADA3-2804800AA47C}.Debug|x64.Build.0 = Debug|Any CPU
		{47554335-5C10-4E77-ADA3-2804800AA47C}.Debug|x86.ActiveCfg = Debug|Any CPU
		{47554335-5C10-4E77-ADA3-2804800AA47C}.Debug|x86.Build.0 = Debug|Any CPU
		{47554335-5C10-4E77-ADA3-2804800AA47C}.Release|Any CPU.ActiveCfg = Release|Any CPU
		{47554335-5C10-4E77-ADA3-2804800AA47C}.Release|Any CPU.Build.0 = Release|Any CPU
		{47554335-5C10-4E77-ADA3-2804800AA47C}.Release|x64.ActiveCfg = Release|Any CPU
		{47554335-5C10-4E77-ADA3-2804800AA47C}.Release|x64.Build.0 = Release|Any CPU
		{47554335-5C10-4E77-ADA3-2804800AA47C}.Release|x86.ActiveCfg = Release|Any CPU
		{47554335-5C10-4E77-ADA3-2804800AA47C}.Release|x86.Build.0 = Release|Any CPU
	EndGlobalSection
	GlobalSection(SolutionProperties) = preSolution
		HideSolutionNode = FALSE
	EndGlobalSection
	GlobalSection(NestedProjects) = preSolution
		{A227932C-5BB4-4901-9CD9-751D6DA3A02A} = {827E0CD3-B72D-47B6-A68D-7590B98EB39B}
		{1224A16C-1235-49DC-82A3-933A873549FE} = {827E0CD3-B72D-47B6-A68D-7590B98EB39B}
		{65F75030-2CE9-4771-A6FF-733E46808E2E} = {827E0CD3-B72D-47B6-A68D-7590B98EB39B}
		{A0F4E7BD-CA0E-484F-A6CD-91E1F213B150} = {827E0CD3-B72D-47B6-A68D-7590B98EB39B}
		{47554335-5C10-4E77-ADA3-2804800AA47C} = {827E0CD3-B72D-47B6-A68D-7590B98EB39B}
	EndGlobalSection
EndGlobal
